
Microsoft Visual Studio Solution File, Format Version 12.00
# Visual Studio Version 17
VisualStudioVersion = 17.3.32811.315
MinimumVisualStudioVersion = 10.0.40219.1
Project("{2150E333-8FDC-42A3-9474-1A3956D46DE8}") = "src", "src", "{8F0A5E89-BB2A-4F25-86A8-49246B92AB0B}"
EndProject
Project("{2150E333-8FDC-42A3-9474-1A3956D46DE8}") = "test", "test", "{0367C139-EA46-4E47-9384-C6DAE0344D36}"
EndProject
Project("{9A19103F-16F7-4668-BE54-9A1E7A4F7556}") = "podfy-user-worker-application.test", "test\podfy-user-worker-application.test\podfy-user-worker-application.test.csproj", "{8C2154B3-322E-4B27-A336-395A22062E77}"
EndProject
Project("{9A19103F-16F7-4668-BE54-9A1E7A4F7556}") = "podfy-user-worker-application", "src\podfy-user-worker-application\podfy-user-worker-application.csproj", "{81BD3D18-7767-49D7-B34E-18DA7A964DFF}"
EndProject
Global
	GlobalSection(SolutionConfigurationPlatforms) = preSolution
		Debug|Any CPU = Debug|Any CPU
		Release|Any CPU = Release|Any CPU
	EndGlobalSection
	GlobalSection(ProjectConfigurationPlatforms) = postSolution
		{8C2154B3-322E-4B27-A336-395A22062E77}.Debug|Any CPU.ActiveCfg = Debug|Any CPU
		{8C2154B3-322E-4B27-A336-395A22062E77}.Debug|Any CPU.Build.0 = Debug|Any CPU
		{8C2154B3-322E-4B27-A336-395A22062E77}.Release|Any CPU.ActiveCfg = Release|Any CPU
		{8C2154B3-322E-4B27-A336-395A22062E77}.Release|Any CPU.Build.0 = Release|Any CPU
		{81BD3D18-7767-49D7-B34E-18DA7A964DFF}.Debug|Any CPU.ActiveCfg = Debug|Any CPU
		{81BD3D18-7767-49D7-B34E-18DA7A964DFF}.Debug|Any CPU.Build.0 = Debug|Any CPU
		{81BD3D18-7767-49D7-B34E-18DA7A964DFF}.Release|Any CPU.ActiveCfg = Release|Any CPU
		{81BD3D18-7767-49D7-B34E-18DA7A964DFF}.Release|Any CPU.Build.0 = Release|Any CPU
	EndGlobalSection
	GlobalSection(SolutionProperties) = preSolution
		HideSolutionNode = FALSE
	EndGlobalSection
	GlobalSection(NestedProjects) = preSolution
		{8C2154B3-322E-4B27-A336-395A22062E77} = {0367C139-EA46-4E47-9384-C6DAE0344D36}
		{81BD3D18-7767-49D7-B34E-18DA7A964DFF} = {8F0A5E89-BB2A-4F25-86A8-49246B92AB0B}
	EndGlobalSection
	GlobalSection(ExtensibilityGlobals) = postSolution
		SolutionGuid = {539D35C9-B513-4445-9FE1-A9A0E427E093}
	EndGlobalSection
EndGlobal
